
Microsoft Visual Studio Solution File, Format Version 12.00
# Visual Studio Version 17
VisualStudioVersion = 17.11.35327.3
MinimumVisualStudioVersion = 10.0.40219.1
Project("{F184B08F-C81C-45F6-A57F-5ABD9991F28F}") = "BilliardManagement", "BilliardManagement.vbproj", "{4E7466A7-A01C-472F-8B38-1D7F19F1A939}"
EndProject
Global
	GlobalSection(SolutionConfigurationPlatforms) = preSolution
		Debug|Any CPU = Debug|Any CPU
		Release|Any CPU = Release|Any CPU
	EndGlobalSection
	GlobalSection(ProjectConfigurationPlatforms) = postSolution
		{4E7466A7-A01C-472F-8B38-1D7F19F1A939}.Debug|Any CPU.ActiveCfg = Debug|Any CPU
		{4E7466A7-A01C-472F-8B38-1D7F19F1A939}.Debug|Any CPU.Build.0 = Debug|Any CPU
		{4E7466A7-A01C-472F-8B38-1D7F19F1A939}.Release|Any CPU.ActiveCfg = Release|Any CPU
		{4E7466A7-A01C-472F-8B38-1D7F19F1A939}.Release|Any CPU.Build.0 = Release|Any CPU
	EndGlobalSection
	GlobalSection(SolutionProperties) = preSolution
		HideSolutionNode = FALSE
	EndGlobalSection
	GlobalSection(ExtensibilityGlobals) = postSolution
		SolutionGuid = {E39A0FF2-F585-48E5-AE15-A501DF9D580E}
	EndGlobalSection
EndGlobal
